
Microsoft Visual Studio Solution File, Format Version 12.00
# Visual Studio Version 17
VisualStudioVersion = 17.9.34728.123
MinimumVisualStudioVersion = 10.0.40219.1
Project("{9A19103F-16F7-4668-BE54-9A1E7A4F7556}") = "ContosoUniversity", "ContosoUniversity\ContosoUniversity.csproj", "{B333B3F0-A072-4005-8744-3D1531C9A643}"
EndProject
Global
	GlobalSection(SolutionConfigurationPlatforms) = preSolution
		Debug|Any CPU = Debug|Any CPU
		Release|Any CPU = Release|Any CPU
	EndGlobalSection
	GlobalSection(ProjectConfigurationPlatforms) = postSolution
		{B333B3F0-A072-4005-8744-3D1531C9A643}.Debug|Any CPU.ActiveCfg = Debug|Any CPU
		{B333B3F0-A072-4005-8744-3D1531C9A643}.Debug|Any CPU.Build.0 = Debug|Any CPU
		{B333B3F0-A072-4005-8744-3D1531C9A643}.Release|Any CPU.ActiveCfg = Release|Any CPU
		{B333B3F0-A072-4005-8744-3D1531C9A643}.Release|Any CPU.Build.0 = Release|Any CPU
	EndGlobalSection
	GlobalSection(SolutionProperties) = preSolution
		HideSolutionNode = FALSE
	EndGlobalSection
	GlobalSection(ExtensibilityGlobals) = postSolution
		SolutionGuid = {AD46C55D-FE0A-48F5-B06D-B50F17D21C37}
	EndGlobalSection
EndGlobal
