
Microsoft Visual Studio Solution File, Format Version 12.00
# Visual Studio Version 17
VisualStudioVersion = 17.9.34728.123
MinimumVisualStudioVersion = 10.0.40219.1
Project("{FAE04EC0-301F-11D3-BF4B-00C04F79EFBC}") = "DataGridApp", "DataGridApp\DataGridApp.csproj", "{E7F3C27F-BBD7-4EF4-AB59-0EC4E59C31AE}"
EndProject
Global
	GlobalSection(SolutionConfigurationPlatforms) = preSolution
		Debug|Any CPU = Debug|Any CPU
		Release|Any CPU = Release|Any CPU
	EndGlobalSection
	GlobalSection(ProjectConfigurationPlatforms) = postSolution
		{E7F3C27F-BBD7-4EF4-AB59-0EC4E59C31AE}.Debug|Any CPU.ActiveCfg = Debug|Any CPU
		{E7F3C27F-BBD7-4EF4-AB59-0EC4E59C31AE}.Debug|Any CPU.Build.0 = Debug|Any CPU
		{E7F3C27F-BBD7-4EF4-AB59-0EC4E59C31AE}.Release|Any CPU.ActiveCfg = Release|Any CPU
		{E7F3C27F-BBD7-4EF4-AB59-0EC4E59C31AE}.Release|Any CPU.Build.0 = Release|Any CPU
	EndGlobalSection
	GlobalSection(SolutionProperties) = preSolution
		HideSolutionNode = FALSE
	EndGlobalSection
	GlobalSection(ExtensibilityGlobals) = postSolution
		SolutionGuid = {D95113DC-892E-49A2-97B3-32307081574F}
	EndGlobalSection
EndGlobal
