
Microsoft Visual Studio Solution File, Format Version 12.00
# Visual Studio Version 17
VisualStudioVersion = 17.9.34728.123
MinimumVisualStudioVersion = 10.0.40219.1
Project("{FAE04EC0-301F-11D3-BF4B-00C04F79EFBC}") = "MegaDeskApp", "MegaDeskApp\MegaDeskApp.csproj", "{0E547F96-DC7E-4E15-B92B-97E2D373039E}"
EndProject
Global
	GlobalSection(SolutionConfigurationPlatforms) = preSolution
		Debug|Any CPU = Debug|Any CPU
		Release|Any CPU = Release|Any CPU
	EndGlobalSection
	GlobalSection(ProjectConfigurationPlatforms) = postSolution
		{0E547F96-DC7E-4E15-B92B-97E2D373039E}.Debug|Any CPU.ActiveCfg = Debug|Any CPU
		{0E547F96-DC7E-4E15-B92B-97E2D373039E}.Debug|Any CPU.Build.0 = Debug|Any CPU
		{0E547F96-DC7E-4E15-B92B-97E2D373039E}.Release|Any CPU.ActiveCfg = Release|Any CPU
		{0E547F96-DC7E-4E15-B92B-97E2D373039E}.Release|Any CPU.Build.0 = Release|Any CPU
	EndGlobalSection
	GlobalSection(SolutionProperties) = preSolution
		HideSolutionNode = FALSE
	EndGlobalSection
	GlobalSection(ExtensibilityGlobals) = postSolution
		SolutionGuid = {4AEC84A2-64E2-4A71-8B6C-CB9D8EA3B76D}
	EndGlobalSection
EndGlobal
